
Microsoft Visual Studio Solution File, Format Version 12.00
# Visual Studio Version 17
VisualStudioVersion = 17.4.33110.190
MinimumVisualStudioVersion = 10.0.40219.1
Project("{FAE04EC0-301F-11D3-BF4B-00C04F79EFBC}") = "BeeCrowd1050", "BeeCrowd1050\BeeCrowd1050.csproj", "{5C0D2544-CB5F-49FC-85C2-CE86A8E89147}"
EndProject
Global
	GlobalSection(SolutionConfigurationPlatforms) = preSolution
		Debug|Any CPU = Debug|Any CPU
		Release|Any CPU = Release|Any CPU
	EndGlobalSection
	GlobalSection(ProjectConfigurationPlatforms) = postSolution
		{5C0D2544-CB5F-49FC-85C2-CE86A8E89147}.Debug|Any CPU.ActiveCfg = Debug|Any CPU
		{5C0D2544-CB5F-49FC-85C2-CE86A8E89147}.Debug|Any CPU.Build.0 = Debug|Any CPU
		{5C0D2544-CB5F-49FC-85C2-CE86A8E89147}.Release|Any CPU.ActiveCfg = Release|Any CPU
		{5C0D2544-CB5F-49FC-85C2-CE86A8E89147}.Release|Any CPU.Build.0 = Release|Any CPU
	EndGlobalSection
	GlobalSection(SolutionProperties) = preSolution
		HideSolutionNode = FALSE
	EndGlobalSection
	GlobalSection(ExtensibilityGlobals) = postSolution
		SolutionGuid = {BCF932FD-30F8-4A2E-AA90-615E174A9839}
	EndGlobalSection
EndGlobal
