
Microsoft Visual Studio Solution File, Format Version 12.00
# Visual Studio Version 17
VisualStudioVersion = 17.4.33110.190
MinimumVisualStudioVersion = 10.0.40219.1
Project("{FAE04EC0-301F-11D3-BF4B-00C04F79EFBC}") = "BeeCrowd1037", "BeeCrowd1037\BeeCrowd1037.csproj", "{3B771BF0-E352-4062-8D5D-4653F6373872}"
EndProject
Global
	GlobalSection(SolutionConfigurationPlatforms) = preSolution
		Debug|Any CPU = Debug|Any CPU
		Release|Any CPU = Release|Any CPU
	EndGlobalSection
	GlobalSection(ProjectConfigurationPlatforms) = postSolution
		{3B771BF0-E352-4062-8D5D-4653F6373872}.Debug|Any CPU.ActiveCfg = Debug|Any CPU
		{3B771BF0-E352-4062-8D5D-4653F6373872}.Debug|Any CPU.Build.0 = Debug|Any CPU
		{3B771BF0-E352-4062-8D5D-4653F6373872}.Release|Any CPU.ActiveCfg = Release|Any CPU
		{3B771BF0-E352-4062-8D5D-4653F6373872}.Release|Any CPU.Build.0 = Release|Any CPU
	EndGlobalSection
	GlobalSection(SolutionProperties) = preSolution
		HideSolutionNode = FALSE
	EndGlobalSection
	GlobalSection(ExtensibilityGlobals) = postSolution
		SolutionGuid = {D59F264D-5C8E-4484-94CC-B794FD05A125}
	EndGlobalSection
EndGlobal
