
Microsoft Visual Studio Solution File, Format Version 12.00
# Visual Studio Version 17
VisualStudioVersion = 17.4.33110.190
MinimumVisualStudioVersion = 10.0.40219.1
Project("{FAE04EC0-301F-11D3-BF4B-00C04F79EFBC}") = "Explicacao1010", "Explicacao1010\Explicacao1010.csproj", "{A64C93EA-C062-4209-A6AC-5558070A97F5}"
EndProject
Global
	GlobalSection(SolutionConfigurationPlatforms) = preSolution
		Debug|Any CPU = Debug|Any CPU
		Release|Any CPU = Release|Any CPU
	EndGlobalSection
	GlobalSection(ProjectConfigurationPlatforms) = postSolution
		{A64C93EA-C062-4209-A6AC-5558070A97F5}.Debug|Any CPU.ActiveCfg = Debug|Any CPU
		{A64C93EA-C062-4209-A6AC-5558070A97F5}.Debug|Any CPU.Build.0 = Debug|Any CPU
		{A64C93EA-C062-4209-A6AC-5558070A97F5}.Release|Any CPU.ActiveCfg = Release|Any CPU
		{A64C93EA-C062-4209-A6AC-5558070A97F5}.Release|Any CPU.Build.0 = Release|Any CPU
	EndGlobalSection
	GlobalSection(SolutionProperties) = preSolution
		HideSolutionNode = FALSE
	EndGlobalSection
	GlobalSection(ExtensibilityGlobals) = postSolution
		SolutionGuid = {66B151A2-6736-44FA-91EB-D745B7C9E556}
	EndGlobalSection
EndGlobal
