
Microsoft Visual Studio Solution File, Format Version 12.00
# Visual Studio Version 17
VisualStudioVersion = 17.4.33110.190
MinimumVisualStudioVersion = 10.0.40219.1
Project("{FAE04EC0-301F-11D3-BF4B-00C04F79EFBC}") = "BeeCrowd1095", "BeeCrowd1095\BeeCrowd1095.csproj", "{9449D39F-6A27-4528-842D-E50F3E35E590}"
EndProject
Global
	GlobalSection(SolutionConfigurationPlatforms) = preSolution
		Debug|Any CPU = Debug|Any CPU
		Release|Any CPU = Release|Any CPU
	EndGlobalSection
	GlobalSection(ProjectConfigurationPlatforms) = postSolution
		{9449D39F-6A27-4528-842D-E50F3E35E590}.Debug|Any CPU.ActiveCfg = Debug|Any CPU
		{9449D39F-6A27-4528-842D-E50F3E35E590}.Debug|Any CPU.Build.0 = Debug|Any CPU
		{9449D39F-6A27-4528-842D-E50F3E35E590}.Release|Any CPU.ActiveCfg = Release|Any CPU
		{9449D39F-6A27-4528-842D-E50F3E35E590}.Release|Any CPU.Build.0 = Release|Any CPU
	EndGlobalSection
	GlobalSection(SolutionProperties) = preSolution
		HideSolutionNode = FALSE
	EndGlobalSection
	GlobalSection(ExtensibilityGlobals) = postSolution
		SolutionGuid = {998C3D03-1C87-4112-B9B9-370F296559D0}
	EndGlobalSection
EndGlobal
