
Microsoft Visual Studio Solution File, Format Version 12.00
# Visual Studio Version 17
VisualStudioVersion = 17.4.33110.190
MinimumVisualStudioVersion = 10.0.40219.1
Project("{FAE04EC0-301F-11D3-BF4B-00C04F79EFBC}") = "BeeCrowd1078", "BeeCrowd1078\BeeCrowd1078.csproj", "{C112E638-A0AE-4E32-A9E5-45045D45E3DF}"
EndProject
Global
	GlobalSection(SolutionConfigurationPlatforms) = preSolution
		Debug|Any CPU = Debug|Any CPU
		Release|Any CPU = Release|Any CPU
	EndGlobalSection
	GlobalSection(ProjectConfigurationPlatforms) = postSolution
		{C112E638-A0AE-4E32-A9E5-45045D45E3DF}.Debug|Any CPU.ActiveCfg = Debug|Any CPU
		{C112E638-A0AE-4E32-A9E5-45045D45E3DF}.Debug|Any CPU.Build.0 = Debug|Any CPU
		{C112E638-A0AE-4E32-A9E5-45045D45E3DF}.Release|Any CPU.ActiveCfg = Release|Any CPU
		{C112E638-A0AE-4E32-A9E5-45045D45E3DF}.Release|Any CPU.Build.0 = Release|Any CPU
	EndGlobalSection
	GlobalSection(SolutionProperties) = preSolution
		HideSolutionNode = FALSE
	EndGlobalSection
	GlobalSection(ExtensibilityGlobals) = postSolution
		SolutionGuid = {481704D1-9D1E-4992-8353-F58C939B006F}
	EndGlobalSection
EndGlobal
