
Microsoft Visual Studio Solution File, Format Version 12.00
# Visual Studio Version 17
VisualStudioVersion = 17.4.33110.190
MinimumVisualStudioVersion = 10.0.40219.1
Project("{FAE04EC0-301F-11D3-BF4B-00C04F79EFBC}") = "BeeCrowd1061", "BeeCrowd1061\BeeCrowd1061.csproj", "{5E91152F-64E7-4FBB-B283-69B451640446}"
EndProject
Global
	GlobalSection(SolutionConfigurationPlatforms) = preSolution
		Debug|Any CPU = Debug|Any CPU
		Release|Any CPU = Release|Any CPU
	EndGlobalSection
	GlobalSection(ProjectConfigurationPlatforms) = postSolution
		{5E91152F-64E7-4FBB-B283-69B451640446}.Debug|Any CPU.ActiveCfg = Debug|Any CPU
		{5E91152F-64E7-4FBB-B283-69B451640446}.Debug|Any CPU.Build.0 = Debug|Any CPU
		{5E91152F-64E7-4FBB-B283-69B451640446}.Release|Any CPU.ActiveCfg = Release|Any CPU
		{5E91152F-64E7-4FBB-B283-69B451640446}.Release|Any CPU.Build.0 = Release|Any CPU
	EndGlobalSection
	GlobalSection(SolutionProperties) = preSolution
		HideSolutionNode = FALSE
	EndGlobalSection
	GlobalSection(ExtensibilityGlobals) = postSolution
		SolutionGuid = {CAD951A8-3CA5-40AC-84F1-76B0811DA0DF}
	EndGlobalSection
EndGlobal
