
Microsoft Visual Studio Solution File, Format Version 12.00
# Visual Studio Version 17
VisualStudioVersion = 17.4.33110.190
MinimumVisualStudioVersion = 10.0.40219.1
Project("{FAE04EC0-301F-11D3-BF4B-00C04F79EFBC}") = "BeeCrowd1115", "BeeCrowd1115\BeeCrowd1115.csproj", "{B26F56B7-F4CD-48E6-B7E3-CBBD5F878CFE}"
EndProject
Global
	GlobalSection(SolutionConfigurationPlatforms) = preSolution
		Debug|Any CPU = Debug|Any CPU
		Release|Any CPU = Release|Any CPU
	EndGlobalSection
	GlobalSection(ProjectConfigurationPlatforms) = postSolution
		{B26F56B7-F4CD-48E6-B7E3-CBBD5F878CFE}.Debug|Any CPU.ActiveCfg = Debug|Any CPU
		{B26F56B7-F4CD-48E6-B7E3-CBBD5F878CFE}.Debug|Any CPU.Build.0 = Debug|Any CPU
		{B26F56B7-F4CD-48E6-B7E3-CBBD5F878CFE}.Release|Any CPU.ActiveCfg = Release|Any CPU
		{B26F56B7-F4CD-48E6-B7E3-CBBD5F878CFE}.Release|Any CPU.Build.0 = Release|Any CPU
	EndGlobalSection
	GlobalSection(SolutionProperties) = preSolution
		HideSolutionNode = FALSE
	EndGlobalSection
	GlobalSection(ExtensibilityGlobals) = postSolution
		SolutionGuid = {2B3B0027-7E3F-413A-BF43-AEEB4C415ECE}
	EndGlobalSection
EndGlobal
