
Microsoft Visual Studio Solution File, Format Version 12.00
# Visual Studio Version 17
VisualStudioVersion = 17.4.33110.190
MinimumVisualStudioVersion = 10.0.40219.1
Project("{FAE04EC0-301F-11D3-BF4B-00C04F79EFBC}") = "BeeCrowd1045", "BeeCrowd1045\BeeCrowd1045.csproj", "{B3CD4616-B5EE-447E-9EAD-654FC4076AEA}"
EndProject
Global
	GlobalSection(SolutionConfigurationPlatforms) = preSolution
		Debug|Any CPU = Debug|Any CPU
		Release|Any CPU = Release|Any CPU
	EndGlobalSection
	GlobalSection(ProjectConfigurationPlatforms) = postSolution
		{B3CD4616-B5EE-447E-9EAD-654FC4076AEA}.Debug|Any CPU.ActiveCfg = Debug|Any CPU
		{B3CD4616-B5EE-447E-9EAD-654FC4076AEA}.Debug|Any CPU.Build.0 = Debug|Any CPU
		{B3CD4616-B5EE-447E-9EAD-654FC4076AEA}.Release|Any CPU.ActiveCfg = Release|Any CPU
		{B3CD4616-B5EE-447E-9EAD-654FC4076AEA}.Release|Any CPU.Build.0 = Release|Any CPU
	EndGlobalSection
	GlobalSection(SolutionProperties) = preSolution
		HideSolutionNode = FALSE
	EndGlobalSection
	GlobalSection(ExtensibilityGlobals) = postSolution
		SolutionGuid = {55B56191-7158-428B-82A0-354D29D28F32}
	EndGlobalSection
EndGlobal
