
Microsoft Visual Studio Solution File, Format Version 12.00
# Visual Studio Version 17
VisualStudioVersion = 17.4.33110.190
MinimumVisualStudioVersion = 10.0.40219.1
Project("{FAE04EC0-301F-11D3-BF4B-00C04F79EFBC}") = "BeeCrowd1018", "BeeCrowd1018\BeeCrowd1018.csproj", "{AC5C74E1-0825-4E04-BC15-B9BD3C05A73B}"
EndProject
Global
	GlobalSection(SolutionConfigurationPlatforms) = preSolution
		Debug|Any CPU = Debug|Any CPU
		Release|Any CPU = Release|Any CPU
	EndGlobalSection
	GlobalSection(ProjectConfigurationPlatforms) = postSolution
		{AC5C74E1-0825-4E04-BC15-B9BD3C05A73B}.Debug|Any CPU.ActiveCfg = Debug|Any CPU
		{AC5C74E1-0825-4E04-BC15-B9BD3C05A73B}.Debug|Any CPU.Build.0 = Debug|Any CPU
		{AC5C74E1-0825-4E04-BC15-B9BD3C05A73B}.Release|Any CPU.ActiveCfg = Release|Any CPU
		{AC5C74E1-0825-4E04-BC15-B9BD3C05A73B}.Release|Any CPU.Build.0 = Release|Any CPU
	EndGlobalSection
	GlobalSection(SolutionProperties) = preSolution
		HideSolutionNode = FALSE
	EndGlobalSection
	GlobalSection(ExtensibilityGlobals) = postSolution
		SolutionGuid = {2F0FD2D4-70CF-4D24-9E5B-94BAFD198053}
	EndGlobalSection
EndGlobal
