
Microsoft Visual Studio Solution File, Format Version 12.00
# Visual Studio Version 17
VisualStudioVersion = 17.4.33110.190
MinimumVisualStudioVersion = 10.0.40219.1
Project("{FAE04EC0-301F-11D3-BF4B-00C04F79EFBC}") = "BeeCrowd1118", "BeeCrowd1118\BeeCrowd1118.csproj", "{B14533A8-5324-4346-9797-419971F26059}"
EndProject
Global
	GlobalSection(SolutionConfigurationPlatforms) = preSolution
		Debug|Any CPU = Debug|Any CPU
		Release|Any CPU = Release|Any CPU
	EndGlobalSection
	GlobalSection(ProjectConfigurationPlatforms) = postSolution
		{B14533A8-5324-4346-9797-419971F26059}.Debug|Any CPU.ActiveCfg = Debug|Any CPU
		{B14533A8-5324-4346-9797-419971F26059}.Debug|Any CPU.Build.0 = Debug|Any CPU
		{B14533A8-5324-4346-9797-419971F26059}.Release|Any CPU.ActiveCfg = Release|Any CPU
		{B14533A8-5324-4346-9797-419971F26059}.Release|Any CPU.Build.0 = Release|Any CPU
	EndGlobalSection
	GlobalSection(SolutionProperties) = preSolution
		HideSolutionNode = FALSE
	EndGlobalSection
	GlobalSection(ExtensibilityGlobals) = postSolution
		SolutionGuid = {3ADFE172-58A7-4564-822E-96CB2B47F4CF}
	EndGlobalSection
EndGlobal
