
Microsoft Visual Studio Solution File, Format Version 12.00
# Visual Studio Version 17
VisualStudioVersion = 17.4.33110.190
MinimumVisualStudioVersion = 10.0.40219.1
Project("{FAE04EC0-301F-11D3-BF4B-00C04F79EFBC}") = "BeecCrowd1038", "BeecCrowd1038\BeecCrowd1038.csproj", "{B8DFA8FD-17EE-4DCE-A36D-6D6432BFB11C}"
EndProject
Global
	GlobalSection(SolutionConfigurationPlatforms) = preSolution
		Debug|Any CPU = Debug|Any CPU
		Release|Any CPU = Release|Any CPU
	EndGlobalSection
	GlobalSection(ProjectConfigurationPlatforms) = postSolution
		{B8DFA8FD-17EE-4DCE-A36D-6D6432BFB11C}.Debug|Any CPU.ActiveCfg = Debug|Any CPU
		{B8DFA8FD-17EE-4DCE-A36D-6D6432BFB11C}.Debug|Any CPU.Build.0 = Debug|Any CPU
		{B8DFA8FD-17EE-4DCE-A36D-6D6432BFB11C}.Release|Any CPU.ActiveCfg = Release|Any CPU
		{B8DFA8FD-17EE-4DCE-A36D-6D6432BFB11C}.Release|Any CPU.Build.0 = Release|Any CPU
	EndGlobalSection
	GlobalSection(SolutionProperties) = preSolution
		HideSolutionNode = FALSE
	EndGlobalSection
	GlobalSection(ExtensibilityGlobals) = postSolution
		SolutionGuid = {B85A944E-E295-4D24-9436-5F06DAAA638B}
	EndGlobalSection
EndGlobal
