
Microsoft Visual Studio Solution File, Format Version 12.00
# Visual Studio Version 17
VisualStudioVersion = 17.4.33110.190
MinimumVisualStudioVersion = 10.0.40219.1
Project("{FAE04EC0-301F-11D3-BF4B-00C04F79EFBC}") = "BeeCrowd1021", "BeeCrowd1021\BeeCrowd1021.csproj", "{67EDC31B-2DA0-4447-85E3-07C6661CB402}"
EndProject
Global
	GlobalSection(SolutionConfigurationPlatforms) = preSolution
		Debug|Any CPU = Debug|Any CPU
		Release|Any CPU = Release|Any CPU
	EndGlobalSection
	GlobalSection(ProjectConfigurationPlatforms) = postSolution
		{67EDC31B-2DA0-4447-85E3-07C6661CB402}.Debug|Any CPU.ActiveCfg = Debug|Any CPU
		{67EDC31B-2DA0-4447-85E3-07C6661CB402}.Debug|Any CPU.Build.0 = Debug|Any CPU
		{67EDC31B-2DA0-4447-85E3-07C6661CB402}.Release|Any CPU.ActiveCfg = Release|Any CPU
		{67EDC31B-2DA0-4447-85E3-07C6661CB402}.Release|Any CPU.Build.0 = Release|Any CPU
	EndGlobalSection
	GlobalSection(SolutionProperties) = preSolution
		HideSolutionNode = FALSE
	EndGlobalSection
	GlobalSection(ExtensibilityGlobals) = postSolution
		SolutionGuid = {4D776D75-2518-4DF7-9444-C29EDF42D303}
	EndGlobalSection
EndGlobal
