
Microsoft Visual Studio Solution File, Format Version 12.00
# Visual Studio Version 17
VisualStudioVersion = 17.4.33110.190
MinimumVisualStudioVersion = 10.0.40219.1
Project("{FAE04EC0-301F-11D3-BF4B-00C04F79EFBC}") = "BeeCrowd1097", "BeeCrowd1097\BeeCrowd1097.csproj", "{4363710F-4534-44BD-B3B5-36026FD6F488}"
EndProject
Global
	GlobalSection(SolutionConfigurationPlatforms) = preSolution
		Debug|Any CPU = Debug|Any CPU
		Release|Any CPU = Release|Any CPU
	EndGlobalSection
	GlobalSection(ProjectConfigurationPlatforms) = postSolution
		{4363710F-4534-44BD-B3B5-36026FD6F488}.Debug|Any CPU.ActiveCfg = Debug|Any CPU
		{4363710F-4534-44BD-B3B5-36026FD6F488}.Debug|Any CPU.Build.0 = Debug|Any CPU
		{4363710F-4534-44BD-B3B5-36026FD6F488}.Release|Any CPU.ActiveCfg = Release|Any CPU
		{4363710F-4534-44BD-B3B5-36026FD6F488}.Release|Any CPU.Build.0 = Release|Any CPU
	EndGlobalSection
	GlobalSection(SolutionProperties) = preSolution
		HideSolutionNode = FALSE
	EndGlobalSection
	GlobalSection(ExtensibilityGlobals) = postSolution
		SolutionGuid = {D9ED05E1-EC0F-49AE-B35A-362B3EF81D78}
	EndGlobalSection
EndGlobal
