
Microsoft Visual Studio Solution File, Format Version 12.00
# Visual Studio Version 17
VisualStudioVersion = 17.4.33110.190
MinimumVisualStudioVersion = 10.0.40219.1
Project("{FAE04EC0-301F-11D3-BF4B-00C04F79EFBC}") = "BeeCrowd1131", "BeeCrowd1131\BeeCrowd1131.csproj", "{0F960B20-CC97-499A-8798-88409332EACF}"
EndProject
Global
	GlobalSection(SolutionConfigurationPlatforms) = preSolution
		Debug|Any CPU = Debug|Any CPU
		Release|Any CPU = Release|Any CPU
	EndGlobalSection
	GlobalSection(ProjectConfigurationPlatforms) = postSolution
		{0F960B20-CC97-499A-8798-88409332EACF}.Debug|Any CPU.ActiveCfg = Debug|Any CPU
		{0F960B20-CC97-499A-8798-88409332EACF}.Debug|Any CPU.Build.0 = Debug|Any CPU
		{0F960B20-CC97-499A-8798-88409332EACF}.Release|Any CPU.ActiveCfg = Release|Any CPU
		{0F960B20-CC97-499A-8798-88409332EACF}.Release|Any CPU.Build.0 = Release|Any CPU
	EndGlobalSection
	GlobalSection(SolutionProperties) = preSolution
		HideSolutionNode = FALSE
	EndGlobalSection
	GlobalSection(ExtensibilityGlobals) = postSolution
		SolutionGuid = {76481152-FA0A-40F8-99F9-8E06B2E8905D}
	EndGlobalSection
EndGlobal
