
Microsoft Visual Studio Solution File, Format Version 12.00
# Visual Studio Version 17
VisualStudioVersion = 17.4.33110.190
MinimumVisualStudioVersion = 10.0.40219.1
Project("{FAE04EC0-301F-11D3-BF4B-00C04F79EFBC}") = "BeeCrowd1048", "BeeCrowd1048\BeeCrowd1048.csproj", "{11B902E9-68FB-4B31-B0D7-2AE5FF7DC30A}"
EndProject
Global
	GlobalSection(SolutionConfigurationPlatforms) = preSolution
		Debug|Any CPU = Debug|Any CPU
		Release|Any CPU = Release|Any CPU
	EndGlobalSection
	GlobalSection(ProjectConfigurationPlatforms) = postSolution
		{11B902E9-68FB-4B31-B0D7-2AE5FF7DC30A}.Debug|Any CPU.ActiveCfg = Debug|Any CPU
		{11B902E9-68FB-4B31-B0D7-2AE5FF7DC30A}.Debug|Any CPU.Build.0 = Debug|Any CPU
		{11B902E9-68FB-4B31-B0D7-2AE5FF7DC30A}.Release|Any CPU.ActiveCfg = Release|Any CPU
		{11B902E9-68FB-4B31-B0D7-2AE5FF7DC30A}.Release|Any CPU.Build.0 = Release|Any CPU
	EndGlobalSection
	GlobalSection(SolutionProperties) = preSolution
		HideSolutionNode = FALSE
	EndGlobalSection
	GlobalSection(ExtensibilityGlobals) = postSolution
		SolutionGuid = {7EC5F9A9-8CC4-4172-BEFD-617152964441}
	EndGlobalSection
EndGlobal
